
Microsoft Visual Studio Solution File, Format Version 12.00
# Visual Studio Version 17
VisualStudioVersion = 17.4.33403.182
MinimumVisualStudioVersion = 10.0.40219.1
Project("{F2A71F9B-5D33-465A-A702-920D77279786}") = "tick2", "tick2.fsproj", "{B79D4C46-EC29-4ABC-9ECB-AECB7DAF440A}"
EndProject
Global
	GlobalSection(SolutionConfigurationPlatforms) = preSolution
		Debug|Any CPU = Debug|Any CPU
		Release|Any CPU = Release|Any CPU
	EndGlobalSection
	GlobalSection(ProjectConfigurationPlatforms) = postSolution
		{B79D4C46-EC29-4ABC-9ECB-AECB7DAF440A}.Debug|Any CPU.ActiveCfg = Debug|Any CPU
		{B79D4C46-EC29-4ABC-9ECB-AECB7DAF440A}.Debug|Any CPU.Build.0 = Debug|Any CPU
		{B79D4C46-EC29-4ABC-9ECB-AECB7DAF440A}.Release|Any CPU.ActiveCfg = Release|Any CPU
		{B79D4C46-EC29-4ABC-9ECB-AECB7DAF440A}.Release|Any CPU.Build.0 = Release|Any CPU
	EndGlobalSection
	GlobalSection(SolutionProperties) = preSolution
		HideSolutionNode = FALSE
	EndGlobalSection
	GlobalSection(ExtensibilityGlobals) = postSolution
		SolutionGuid = {B33502A7-3A47-4F30-AD49-58B5334D9DA4}
	EndGlobalSection
EndGlobal
