
Microsoft Visual Studio Solution File, Format Version 12.00
# Visual Studio Version 17
VisualStudioVersion = 17.8.34408.163
MinimumVisualStudioVersion = 10.0.40219.1
Project("{F2A71F9B-5D33-465A-A702-920D77279786}") = "Lecture2Types", "Lecture2Types.fsproj", "{0C7E9761-BA61-4C27-AE83-35E32E1289A3}"
EndProject
Global
	GlobalSection(SolutionConfigurationPlatforms) = preSolution
		Debug|Any CPU = Debug|Any CPU
		Release|Any CPU = Release|Any CPU
	EndGlobalSection
	GlobalSection(ProjectConfigurationPlatforms) = postSolution
		{0C7E9761-BA61-4C27-AE83-35E32E1289A3}.Debug|Any CPU.ActiveCfg = Debug|Any CPU
		{0C7E9761-BA61-4C27-AE83-35E32E1289A3}.Debug|Any CPU.Build.0 = Debug|Any CPU
		{0C7E9761-BA61-4C27-AE83-35E32E1289A3}.Release|Any CPU.ActiveCfg = Release|Any CPU
		{0C7E9761-BA61-4C27-AE83-35E32E1289A3}.Release|Any CPU.Build.0 = Release|Any CPU
	EndGlobalSection
	GlobalSection(SolutionProperties) = preSolution
		HideSolutionNode = FALSE
	EndGlobalSection
	GlobalSection(ExtensibilityGlobals) = postSolution
		SolutionGuid = {7801CC26-23EB-4702-BB6C-84B8FD7ED339}
	EndGlobalSection
EndGlobal
