
Microsoft Visual Studio Solution File, Format Version 12.00
# Visual Studio Version 17
VisualStudioVersion = 17.12.35527.113 d17.12
MinimumVisualStudioVersion = 10.0.40219.1
Project("{F2A71F9B-5D33-465A-A702-920D77279786}") = "Coins", "Coins.fsproj", "{3BD035FA-53D8-412C-85F3-F0F0AAA7F63E}"
EndProject
Global
	GlobalSection(SolutionConfigurationPlatforms) = preSolution
		Debug|Any CPU = Debug|Any CPU
		Release|Any CPU = Release|Any CPU
	EndGlobalSection
	GlobalSection(ProjectConfigurationPlatforms) = postSolution
		{3BD035FA-53D8-412C-85F3-F0F0AAA7F63E}.Debug|Any CPU.ActiveCfg = Debug|Any CPU
		{3BD035FA-53D8-412C-85F3-F0F0AAA7F63E}.Debug|Any CPU.Build.0 = Debug|Any CPU
		{3BD035FA-53D8-412C-85F3-F0F0AAA7F63E}.Release|Any CPU.ActiveCfg = Release|Any CPU
		{3BD035FA-53D8-412C-85F3-F0F0AAA7F63E}.Release|Any CPU.Build.0 = Release|Any CPU
	EndGlobalSection
	GlobalSection(SolutionProperties) = preSolution
		HideSolutionNode = FALSE
	EndGlobalSection
EndGlobal
